
Microsoft Visual Studio Solution File, Format Version 12.00
# Visual Studio Version 16
VisualStudioVersion = 16.0.31424.327
MinimumVisualStudioVersion = 10.0.40219.1
Project("{FAE04EC0-301F-11D3-BF4B-00C04F79EFBC}") = "DikenComTr_Clone", "DikenComTr_Clone\DikenComTr_Clone.csproj", "{B3AE7060-2174-4C8C-A5D7-E7B66112DB57}"
EndProject
Global
	GlobalSection(SolutionConfigurationPlatforms) = preSolution
		Debug|Any CPU = Debug|Any CPU
		Release|Any CPU = Release|Any CPU
	EndGlobalSection
	GlobalSection(ProjectConfigurationPlatforms) = postSolution
		{B3AE7060-2174-4C8C-A5D7-E7B66112DB57}.Debug|Any CPU.ActiveCfg = Debug|Any CPU
		{B3AE7060-2174-4C8C-A5D7-E7B66112DB57}.Debug|Any CPU.Build.0 = Debug|Any CPU
		{B3AE7060-2174-4C8C-A5D7-E7B66112DB57}.Release|Any CPU.ActiveCfg = Release|Any CPU
		{B3AE7060-2174-4C8C-A5D7-E7B66112DB57}.Release|Any CPU.Build.0 = Release|Any CPU
	EndGlobalSection
	GlobalSection(SolutionProperties) = preSolution
		HideSolutionNode = FALSE
	EndGlobalSection
	GlobalSection(ExtensibilityGlobals) = postSolution
		SolutionGuid = {0E5472A8-5848-49C8-998C-8B74860DACB1}
	EndGlobalSection
EndGlobal
