
Microsoft Visual Studio Solution File, Format Version 12.00
# Visual Studio Version 16
VisualStudioVersion = 16.0.31424.327
MinimumVisualStudioVersion = 10.0.40219.1
Project("{FAE04EC0-301F-11D3-BF4B-00C04F79EFBC}") = "07_DersBlogSitesi", "07_DersBlogSitesi\07_DersBlogSitesi.csproj", "{32D0DFC3-3BA0-4CC4-ABDF-3F1B3D0FD0D1}"
EndProject
Global
	GlobalSection(SolutionConfigurationPlatforms) = preSolution
		Debug|Any CPU = Debug|Any CPU
		Release|Any CPU = Release|Any CPU
	EndGlobalSection
	GlobalSection(ProjectConfigurationPlatforms) = postSolution
		{32D0DFC3-3BA0-4CC4-ABDF-3F1B3D0FD0D1}.Debug|Any CPU.ActiveCfg = Debug|Any CPU
		{32D0DFC3-3BA0-4CC4-ABDF-3F1B3D0FD0D1}.Debug|Any CPU.Build.0 = Debug|Any CPU
		{32D0DFC3-3BA0-4CC4-ABDF-3F1B3D0FD0D1}.Release|Any CPU.ActiveCfg = Release|Any CPU
		{32D0DFC3-3BA0-4CC4-ABDF-3F1B3D0FD0D1}.Release|Any CPU.Build.0 = Release|Any CPU
	EndGlobalSection
	GlobalSection(SolutionProperties) = preSolution
		HideSolutionNode = FALSE
	EndGlobalSection
	GlobalSection(ExtensibilityGlobals) = postSolution
		SolutionGuid = {F14B89E2-14E4-486D-A0CB-C41C82212BE3}
	EndGlobalSection
EndGlobal
